# THIS IS AN AUTOGENERATED FILE. DO NOT EDIT THIS FILE DIRECTLY.
# yarn lockfile v1


codemirror@^5.28.0:
  version "5.28.0"
  resolved "https://registry.yarnpkg.com/codemirror/-/codemirror-5.28.0.tgz#2978d9280d671351a4f5737d06bbd681a0fd6f83"

ot@^0.0.15:
  version "0.0.15"
  resolved "https://registry.yarnpkg.com/ot/-/ot-0.0.15.tgz#98bd953e6283670a01868e7ef4d2d983a29cd6a7"
